{
  "version": 4,
  "terraform_version": "1.11.1",
  "serial": 493,
  "lineage": "3d4e8a7f-275b-2e46-9aa6-38e28e3d8062",
  "outputs": {
    "ami_id": {
      "value": "ami-06f239dc2703bfeb6",
      "type": "string"
    },
    "linux_ssh": {
      "value": "ssh -i \"lately-relaxed-tapir-ec2_key.pem\" ec2-user@10.0.14.41",
      "type": "string"
    },
    "private_ip": {
      "value": "10.0.4.104",
      "type": "string"
    },
    "public_ip": {
      "value": "3.135.101.149",
      "type": "string"
    },
    "random_pet": {
      "value": {
        "id": "lately-relaxed-tapir",
        "keepers": null,
        "length": 3,
        "prefix": null,
        "separator": "-"
      },
      "type": [
        "object",
        {
          "id": "string",
          "keepers": [
            "map",
            "string"
          ],
          "length": "number",
          "prefix": "string",
          "separator": "string"
        }
      ]
    },
    "windows_rdp_pwd": {
      "value": "ELHn!f0S78YGgt4SKbl4L2kWkgh25ei8",
      "type": "string"
    }
  },
  "resources": [
    {
      "mode": "data",
      "type": "aws_ami",
      "name": "windows",
      "provider": "provider[\"registry.terraform.io/hashicorp/aws\"]",
      "instances": [
        {
          "schema_version": 0,
          "attributes": {
            "architecture": "x86_64",
            "arn": "arn:aws:ec2:us-east-2::image/ami-06f239dc2703bfeb6",
            "block_device_mappings": [
              {
                "device_name": "/dev/sda1",
                "ebs": {
                  "delete_on_termination": "true",
                  "encrypted": "false",
                  "iops": "3000",
                  "snapshot_id": "snap-0c926548b699a8904",
                  "throughput": "125",
                  "volume_size": "30",
                  "volume_type": "gp3"
                },
                "no_device": "",
                "virtual_name": ""
              },
              {
                "device_name": "xvdca",
                "ebs": {},
                "no_device": "",
                "virtual_name": "ephemeral0"
              },
              {
                "device_name": "xvdcb",
                "ebs": {},
                "no_device": "",
                "virtual_name": "ephemeral1"
              },
              {
                "device_name": "xvdcc",
                "ebs": {},
                "no_device": "",
                "virtual_name": "ephemeral2"
              },
              {
                "device_name": "xvdcd",
                "ebs": {},
                "no_device": "",
                "virtual_name": "ephemeral3"
              },
              {
                "device_name": "xvdce",
                "ebs": {},
                "no_device": "",
                "virtual_name": "ephemeral4"
              },
              {
                "device_name": "xvdcf",
                "ebs": {},
                "no_device": "",
                "virtual_name": "ephemeral5"
              },
              {
                "device_name": "xvdcg",
                "ebs": {},
                "no_device": "",
                "virtual_name": "ephemeral6"
              },
              {
                "device_name": "xvdch",
                "ebs": {},
                "no_device": "",
                "virtual_name": "ephemeral7"
              },
              {
                "device_name": "xvdci",
                "ebs": {},
                "no_device": "",
                "virtual_name": "ephemeral8"
              },
              {
                "device_name": "xvdcj",
                "ebs": {},
                "no_device": "",
                "virtual_name": "ephemeral9"
              },
              {
                "device_name": "xvdck",
                "ebs": {},
                "no_device": "",
                "virtual_name": "ephemeral10"
              },
              {
                "device_name": "xvdcl",
                "ebs": {},
                "no_device": "",
                "virtual_name": "ephemeral11"
              },
              {
                "device_name": "xvdcm",
                "ebs": {},
                "no_device": "",
                "virtual_name": "ephemeral12"
              },
              {
                "device_name": "xvdcn",
                "ebs": {},
                "no_device": "",
                "virtual_name": "ephemeral13"
              },
              {
                "device_name": "xvdco",
                "ebs": {},
                "no_device": "",
                "virtual_name": "ephemeral14"
              },
              {
                "device_name": "xvdcp",
                "ebs": {},
                "no_device": "",
                "virtual_name": "ephemeral15"
              },
              {
                "device_name": "xvdcq",
                "ebs": {},
                "no_device": "",
                "virtual_name": "ephemeral16"
              },
              {
                "device_name": "xvdcr",
                "ebs": {},
                "no_device": "",
                "virtual_name": "ephemeral17"
              },
              {
                "device_name": "xvdcs",
                "ebs": {},
                "no_device": "",
                "virtual_name": "ephemeral18"
              },
              {
                "device_name": "xvdct",
                "ebs": {},
                "no_device": "",
                "virtual_name": "ephemeral19"
              },
              {
                "device_name": "xvdcu",
                "ebs": {},
                "no_device": "",
                "virtual_name": "ephemeral20"
              },
              {
                "device_name": "xvdcv",
                "ebs": {},
                "no_device": "",
                "virtual_name": "ephemeral21"
              },
              {
                "device_name": "xvdcw",
                "ebs": {},
                "no_device": "",
                "virtual_name": "ephemeral22"
              },
              {
                "device_name": "xvdcx",
                "ebs": {},
                "no_device": "",
                "virtual_name": "ephemeral23"
              },
              {
                "device_name": "xvdcy",
                "ebs": {},
                "no_device": "",
                "virtual_name": "ephemeral24"
              },
              {
                "device_name": "xvdcz",
                "ebs": {},
                "no_device": "",
                "virtual_name": "ephemeral25"
              }
            ],
            "boot_mode": "uefi",
            "creation_date": "2025-03-12T20:12:40.000Z",
            "deprecation_time": "2027-03-12T20:12:40.000Z",
            "description": "Microsoft Windows Server 2025 Full Locale English AMI provided by Amazon",
            "ena_support": true,
            "executable_users": null,
            "filter": [
              {
                "name": "name",
                "values": [
                  "Windows_Server-2025-English-Full-Base-*"
                ]
              }
            ],
            "hypervisor": "xen",
            "id": "ami-06f239dc2703bfeb6",
            "image_id": "ami-06f239dc2703bfeb6",
            "image_location": "amazon/Windows_Server-2025-English-Full-Base-2025.03.12",
            "image_owner_alias": "amazon",
            "image_type": "machine",
            "imds_support": "v2.0",
            "include_deprecated": false,
            "kernel_id": "",
            "most_recent": true,
            "name": "Windows_Server-2025-English-Full-Base-2025.03.12",
            "name_regex": null,
            "owner_id": "801119661308",
            "owners": [
              "amazon"
            ],
            "platform": "windows",
            "platform_details": "Windows",
            "product_codes": [],
            "public": true,
            "ramdisk_id": "",
            "root_device_name": "/dev/sda1",
            "root_device_type": "ebs",
            "root_snapshot_id": "snap-0c926548b699a8904",
            "sriov_net_support": "",
            "state": "available",
            "state_reason": {
              "code": "UNSET",
              "message": "UNSET"
            },
            "tags": {},
            "timeouts": null,
            "tpm_support": "",
            "uefi_data": null,
            "usage_operation": "RunInstances:0002",
            "virtualization_type": "hvm"
          },
          "sensitive_attributes": []
        }
      ]
    },
    {
      "mode": "managed",
      "type": "aws_default_network_acl",
      "name": "main_nacl",
      "provider": "provider[\"registry.terraform.io/hashicorp/aws\"]",
      "instances": [
        {
          "schema_version": 0,
          "attributes": {
            "arn": "arn:aws:ec2:us-east-2:202533531503:network-acl/acl-04bed08b697ebc0eb",
            "default_network_acl_id": "acl-04bed08b697ebc0eb",
            "egress": [
              {
                "action": "allow",
                "cidr_block": "0.0.0.0/0",
                "from_port": 0,
                "icmp_code": null,
                "icmp_type": null,
                "ipv6_cidr_block": "",
                "protocol": "-1",
                "rule_no": 100,
                "to_port": 0
              }
            ],
            "id": "acl-04bed08b697ebc0eb",
            "ingress": [
              {
                "action": "allow",
                "cidr_block": "0.0.0.0/0",
                "from_port": 1024,
                "icmp_code": null,
                "icmp_type": null,
                "ipv6_cidr_block": "",
                "protocol": "tcp",
                "rule_no": 400,
                "to_port": 65535
              },
              {
                "action": "allow",
                "cidr_block": "0.0.0.0/0",
                "from_port": 22,
                "icmp_code": null,
                "icmp_type": null,
                "ipv6_cidr_block": "",
                "protocol": "tcp",
                "rule_no": 300,
                "to_port": 22
              },
              {
                "action": "allow",
                "cidr_block": "0.0.0.0/0",
                "from_port": 443,
                "icmp_code": null,
                "icmp_type": null,
                "ipv6_cidr_block": "",
                "protocol": "tcp",
                "rule_no": 200,
                "to_port": 443
              },
              {
                "action": "allow",
                "cidr_block": "0.0.0.0/0",
                "from_port": 80,
                "icmp_code": null,
                "icmp_type": null,
                "ipv6_cidr_block": "",
                "protocol": "tcp",
                "rule_no": 100,
                "to_port": 80
              }
            ],
            "owner_id": "202533531503",
            "subnet_ids": [
              "subnet-0dfe88f820e46aa4b",
              "subnet-0fa6ff5a7ad4a27b9"
            ],
            "tags": {
              "Name": "lately-relaxed-tapir-nacl"
            },
            "tags_all": {
              "Name": "lately-relaxed-tapir-nacl"
            },
            "vpc_id": "vpc-03c96bc2cb41bf7f3"
          },
          "sensitive_attributes": [],
          "private": "bnVsbA==",
          "dependencies": [
            "aws_vpc.vpc01",
            "random_pet.pet_name"
          ]
        }
      ]
    },
    {
      "mode": "managed",
      "type": "aws_default_route_table",
      "name": "main_rt",
      "provider": "provider[\"registry.terraform.io/hashicorp/aws\"]",
      "instances": [
        {
          "schema_version": 0,
          "attributes": {
            "arn": "arn:aws:ec2:us-east-2:202533531503:route-table/rtb-01b5799c5e3e69f02",
            "default_route_table_id": "rtb-01b5799c5e3e69f02",
            "id": "rtb-01b5799c5e3e69f02",
            "owner_id": "202533531503",
            "propagating_vgws": null,
            "route": [
              {
                "cidr_block": "0.0.0.0/0",
                "core_network_arn": "",
                "destination_prefix_list_id": "",
                "egress_only_gateway_id": "",
                "gateway_id": "nat-0408b0fb53acb5935",
                "instance_id": "",
                "ipv6_cidr_block": "",
                "nat_gateway_id": "",
                "network_interface_id": "",
                "transit_gateway_id": "",
                "vpc_endpoint_id": "",
                "vpc_peering_connection_id": ""
              }
            ],
            "tags": {
              "Name": "lately-relaxed-tapir-main-rt"
            },
            "tags_all": {
              "Name": "lately-relaxed-tapir-main-rt"
            },
            "timeouts": null,
            "vpc_id": "vpc-03c96bc2cb41bf7f3"
          },
          "sensitive_attributes": [],
          "private": "eyJlMmJmYjczMC1lY2FhLTExZTYtOGY4OC0zNDM2M2JjN2M0YzAiOnsiY3JlYXRlIjoxMjAwMDAwMDAwMDAsInVwZGF0ZSI6MTIwMDAwMDAwMDAwfX0=",
          "dependencies": [
            "aws_eip.nat_eip_gw",
            "aws_nat_gateway.nat_gw",
            "aws_subnet.private_subnet",
            "aws_vpc.vpc01",
            "random_pet.pet_name"
          ]
        }
      ]
    },
    {
      "mode": "managed",
      "type": "aws_eip",
      "name": "nat_eip_gw",
      "provider": "provider[\"registry.terraform.io/hashicorp/aws\"]",
      "instances": [
        {
          "schema_version": 0,
          "attributes": {
            "address": null,
            "allocation_id": "eipalloc-0d1453c21dc7c5b78",
            "arn": "arn:aws:ec2:us-east-2:202533531503:elastic-ip/eipalloc-0d1453c21dc7c5b78",
            "associate_with_private_ip": null,
            "association_id": "",
            "carrier_ip": "",
            "customer_owned_ip": "",
            "customer_owned_ipv4_pool": "",
            "domain": "vpc",
            "id": "eipalloc-0d1453c21dc7c5b78",
            "instance": "",
            "ipam_pool_id": null,
            "network_border_group": "us-east-2",
            "network_interface": "",
            "private_dns": null,
            "private_ip": "",
            "ptr_record": "",
            "public_dns": "ec2-3-143-189-59.us-east-2.compute.amazonaws.com",
            "public_ip": "3.143.189.59",
            "public_ipv4_pool": "amazon",
            "tags": {
              "Name": "lately-relaxed-tapir-NAT-eip-IGW"
            },
            "tags_all": {
              "Name": "lately-relaxed-tapir-NAT-eip-IGW"
            },
            "timeouts": null,
            "vpc": true
          },
          "sensitive_attributes": [],
          "private": "eyJlMmJmYjczMC1lY2FhLTExZTYtOGY4OC0zNDM2M2JjN2M0YzAiOnsiZGVsZXRlIjoxODAwMDAwMDAwMDAsInJlYWQiOjkwMDAwMDAwMDAwMCwidXBkYXRlIjozMDAwMDAwMDAwMDB9fQ==",
          "dependencies": [
            "random_pet.pet_name"
          ]
        }
      ]
    },
    {
      "mode": "managed",
      "type": "aws_eip",
      "name": "windows_eip",
      "provider": "provider[\"registry.terraform.io/hashicorp/aws\"]",
      "instances": [
        {
          "schema_version": 0,
          "attributes": {
            "address": null,
            "allocation_id": "eipalloc-09de2c5ae0dd6161d",
            "arn": "arn:aws:ec2:us-east-2:202533531503:elastic-ip/eipalloc-09de2c5ae0dd6161d",
            "associate_with_private_ip": null,
            "association_id": "",
            "carrier_ip": "",
            "customer_owned_ip": "",
            "customer_owned_ipv4_pool": "",
            "domain": "vpc",
            "id": "eipalloc-09de2c5ae0dd6161d",
            "instance": "",
            "ipam_pool_id": null,
            "network_border_group": "us-east-2",
            "network_interface": "",
            "private_dns": null,
            "private_ip": "",
            "ptr_record": "",
            "public_dns": "ec2-3-135-101-149.us-east-2.compute.amazonaws.com",
            "public_ip": "3.135.101.149",
            "public_ipv4_pool": "amazon",
            "tags": {
              "Name": "lately-relaxed-tapir"
            },
            "tags_all": {
              "Name": "lately-relaxed-tapir"
            },
            "timeouts": null,
            "vpc": true
          },
          "sensitive_attributes": [],
          "private": "eyJlMmJmYjczMC1lY2FhLTExZTYtOGY4OC0zNDM2M2JjN2M0YzAiOnsiZGVsZXRlIjoxODAwMDAwMDAwMDAsInJlYWQiOjkwMDAwMDAwMDAwMCwidXBkYXRlIjozMDAwMDAwMDAwMDB9fQ==",
          "dependencies": [
            "random_pet.pet_name"
          ]
        }
      ]
    },
    {
      "mode": "managed",
      "type": "aws_eip_association",
      "name": "windows_eip_assoc",
      "provider": "provider[\"registry.terraform.io/hashicorp/aws\"]",
      "instances": [
        {
          "schema_version": 0,
          "attributes": {
            "allocation_id": "eipalloc-09de2c5ae0dd6161d",
            "allow_reassociation": null,
            "id": "eipassoc-030764193d692567b",
            "instance_id": "i-0d1e2e6e6c0a437eb",
            "network_interface_id": "eni-0337deda674314984",
            "private_ip_address": "10.0.4.104",
            "public_ip": "3.135.101.149"
          },
          "sensitive_attributes": [],
          "private": "bnVsbA==",
          "dependencies": [
            "aws_eip.windows_eip",
            "aws_instance.my_windows_server",
            "aws_key_pair.ec2_key",
            "aws_security_group.windows_sg",
            "aws_subnet.public_subnet",
            "aws_vpc.vpc01",
            "data.aws_ami.windows",
            "random_pet.pet_name",
            "tls_private_key.ec2_key"
          ]
        }
      ]
    },
    {
      "mode": "managed",
      "type": "aws_instance",
      "name": "my_linux_server",
      "provider": "provider[\"registry.terraform.io/hashicorp/aws\"]",
      "instances": [
        {
          "schema_version": 1,
          "attributes": {
            "ami": "ami-0efc43a4067fe9a3e",
            "arn": "arn:aws:ec2:us-east-2:202533531503:instance/i-0a843a0f553027c9c",
            "associate_public_ip_address": false,
            "availability_zone": "us-east-2a",
            "capacity_reservation_specification": [
              {
                "capacity_reservation_preference": "open",
                "capacity_reservation_target": []
              }
            ],
            "cpu_core_count": 1,
            "cpu_options": [
              {
                "amd_sev_snp": "",
                "core_count": 1,
                "threads_per_core": 2
              }
            ],
            "cpu_threads_per_core": 2,
            "credit_specification": [
              {
                "cpu_credits": "unlimited"
              }
            ],
            "disable_api_stop": false,
            "disable_api_termination": false,
            "ebs_block_device": [],
            "ebs_optimized": false,
            "enable_primary_ipv6": null,
            "enclave_options": [
              {
                "enabled": false
              }
            ],
            "ephemeral_block_device": [],
            "get_password_data": false,
            "hibernation": false,
            "host_id": "",
            "host_resource_group_arn": null,
            "iam_instance_profile": "",
            "id": "i-0a843a0f553027c9c",
            "instance_initiated_shutdown_behavior": "stop",
            "instance_lifecycle": "",
            "instance_market_options": [],
            "instance_state": "running",
            "instance_type": "t3.large",
            "ipv6_address_count": 0,
            "ipv6_addresses": [],
            "key_name": "lately-relaxed-tapir-ec2_key",
            "launch_template": [],
            "maintenance_options": [
              {
                "auto_recovery": "default"
              }
            ],
            "metadata_options": [
              {
                "http_endpoint": "enabled",
                "http_protocol_ipv6": "disabled",
                "http_put_response_hop_limit": 2,
                "http_tokens": "required",
                "instance_metadata_tags": "disabled"
              }
            ],
            "monitoring": false,
            "network_interface": [],
            "outpost_arn": "",
            "password_data": "",
            "placement_group": "",
            "placement_partition_number": 0,
            "primary_network_interface_id": "eni-0ef168c32b00b819a",
            "private_dns": "ip-10-0-14-41.us-east-2.compute.internal",
            "private_dns_name_options": [
              {
                "enable_resource_name_dns_a_record": false,
                "enable_resource_name_dns_aaaa_record": false,
                "hostname_type": "ip-name"
              }
            ],
            "private_ip": "10.0.14.41",
            "public_dns": "",
            "public_ip": "",
            "root_block_device": [
              {
                "delete_on_termination": true,
                "device_name": "/dev/xvda",
                "encrypted": false,
                "iops": 3000,
                "kms_key_id": "",
                "tags": {},
                "tags_all": {},
                "throughput": 125,
                "volume_id": "vol-003476cdfa21b504e",
                "volume_size": 8,
                "volume_type": "gp3"
              }
            ],
            "secondary_private_ips": [],
            "security_groups": [],
            "source_dest_check": true,
            "spot_instance_request_id": "",
            "subnet_id": "subnet-0dfe88f820e46aa4b",
            "tags": {
              "Name": "lately-relaxed-tapir-linux_server"
            },
            "tags_all": {
              "Name": "lately-relaxed-tapir-linux_server"
            },
            "tenancy": "default",
            "timeouts": null,
            "user_data": null,
            "user_data_base64": null,
            "user_data_replace_on_change": false,
            "volume_tags": null,
            "vpc_security_group_ids": [
              "sg-0944f0efb59967249"
            ]
          },
          "sensitive_attributes": [],
          "private": "eyJlMmJmYjczMC1lY2FhLTExZTYtOGY4OC0zNDM2M2JjN2M0YzAiOnsiY3JlYXRlIjo2MDAwMDAwMDAwMDAsImRlbGV0ZSI6MTIwMDAwMDAwMDAwMCwicmVhZCI6OTAwMDAwMDAwMDAwLCJ1cGRhdGUiOjYwMDAwMDAwMDAwMH0sInNjaGVtYV92ZXJzaW9uIjoiMSJ9",
          "dependencies": [
            "aws_key_pair.ec2_key",
            "aws_security_group.linux_sg",
            "aws_subnet.private_subnet",
            "aws_vpc.vpc01",
            "random_pet.pet_name",
            "tls_private_key.ec2_key"
          ]
        }
      ]
    },
    {
      "mode": "managed",
      "type": "aws_instance",
      "name": "my_windows_server",
      "provider": "provider[\"registry.terraform.io/hashicorp/aws\"]",
      "instances": [
        {
          "schema_version": 1,
          "attributes": {
            "ami": "ami-06f239dc2703bfeb6",
            "arn": "arn:aws:ec2:us-east-2:202533531503:instance/i-0d1e2e6e6c0a437eb",
            "associate_public_ip_address": false,
            "availability_zone": "us-east-2b",
            "capacity_reservation_specification": [
              {
                "capacity_reservation_preference": "open",
                "capacity_reservation_target": []
              }
            ],
            "cpu_core_count": 1,
            "cpu_options": [
              {
                "amd_sev_snp": "",
                "core_count": 1,
                "threads_per_core": 2
              }
            ],
            "cpu_threads_per_core": 2,
            "credit_specification": [
              {
                "cpu_credits": "unlimited"
              }
            ],
            "disable_api_stop": false,
            "disable_api_termination": false,
            "ebs_block_device": [],
            "ebs_optimized": false,
            "enable_primary_ipv6": null,
            "enclave_options": [
              {
                "enabled": false
              }
            ],
            "ephemeral_block_device": [],
            "get_password_data": true,
            "hibernation": false,
            "host_id": "",
            "host_resource_group_arn": null,
            "iam_instance_profile": "",
            "id": "i-0d1e2e6e6c0a437eb",
            "instance_initiated_shutdown_behavior": "stop",
            "instance_lifecycle": "",
            "instance_market_options": [],
            "instance_state": "running",
            "instance_type": "t3.large",
            "ipv6_address_count": 0,
            "ipv6_addresses": [],
            "key_name": "lately-relaxed-tapir-ec2_key",
            "launch_template": [],
            "maintenance_options": [
              {
                "auto_recovery": "default"
              }
            ],
            "metadata_options": [
              {
                "http_endpoint": "enabled",
                "http_protocol_ipv6": "disabled",
                "http_put_response_hop_limit": 2,
                "http_tokens": "required",
                "instance_metadata_tags": "disabled"
              }
            ],
            "monitoring": false,
            "network_interface": [],
            "outpost_arn": "",
            "password_data": "wPWoyowziPJzAUopqTiUEdVQYpSOsQa4WKbtv2lh60QhyZEqZ8+kA+7hZZy7GfKkoRnfPZ6Eer6/spkiGCEjB0oEZ5g03+fF1FFfEEoke5StMCnoh7LXf8rhvwYgZvUZE9vE7dC8RJcRt6bSYYefwHKbH7dbtoGP7xK8vIMecv6L5zVq+sAkRvOK8Ts6A2qksbAZSe9PiK/RLERgzUFpi+yjmhNfpsSfRbSh1ceWm3ubeyMbIi+AtXXKqMEREMTCucFAyYscayx9YYLXJ6pH5fXZD/xxBEzaEbBPlcT4V8qXQfXEt98JrnGn21v30k9Vg9Px4I03PJfXIUbHDOe5V4mm9grHB8xE1suYoUJo9DXI820czEhRwmzDur201r0PsaAUCejfC61Yq3xPoo2I3W/IVL8IJjrMi8vwY7Q0VsPCuq1E66XWCh/lo6YKncSTQdcnFt9t79ojJXpjrRtHourvCwUSqYcpKZ5meJJAYQ7oSeFGuYQvphl986PTyKAn+SB89ch11NMgINcdkrkPkEG8IxH4xOtXGDhvpAgUFFTOIQVjamFwmdFxW2nw5+tgSkpcwlELBOmk3OCKr9KH2UKYpO6dm3PxtcEOndF3NCO9wPV48jGJzso8fgrcGkShaFMghO8jZoKSjpNMINM48v++gbh3Lg1PqWO163lLlEc=",
            "placement_group": "",
            "placement_partition_number": 0,
            "primary_network_interface_id": "eni-0337deda674314984",
            "private_dns": "ip-10-0-4-104.us-east-2.compute.internal",
            "private_dns_name_options": [
              {
                "enable_resource_name_dns_a_record": false,
                "enable_resource_name_dns_aaaa_record": false,
                "hostname_type": "ip-name"
              }
            ],
            "private_ip": "10.0.4.104",
            "public_dns": "",
            "public_ip": "",
            "root_block_device": [
              {
                "delete_on_termination": true,
                "device_name": "/dev/sda1",
                "encrypted": false,
                "iops": 3000,
                "kms_key_id": "",
                "tags": {},
                "tags_all": {},
                "throughput": 125,
                "volume_id": "vol-0224dafc8992424e8",
                "volume_size": 30,
                "volume_type": "gp3"
              }
            ],
            "secondary_private_ips": [],
            "security_groups": [],
            "source_dest_check": true,
            "spot_instance_request_id": "",
            "subnet_id": "subnet-0fa6ff5a7ad4a27b9",
            "tags": {
              "Name": "lately-relaxed-tapir-windows_server"
            },
            "tags_all": {
              "Name": "lately-relaxed-tapir-windows_server"
            },
            "tenancy": "default",
            "timeouts": null,
            "user_data": "d213f75ba4111a069869f75c636b1bd5590dbc3e",
            "user_data_base64": null,
            "user_data_replace_on_change": false,
            "volume_tags": null,
            "vpc_security_group_ids": [
              "sg-00dc5ae8e359b6fda"
            ]
          },
          "sensitive_attributes": [],
          "private": "eyJlMmJmYjczMC1lY2FhLTExZTYtOGY4OC0zNDM2M2JjN2M0YzAiOnsiY3JlYXRlIjo2MDAwMDAwMDAwMDAsImRlbGV0ZSI6MTIwMDAwMDAwMDAwMCwicmVhZCI6OTAwMDAwMDAwMDAwLCJ1cGRhdGUiOjYwMDAwMDAwMDAwMH0sInNjaGVtYV92ZXJzaW9uIjoiMSJ9",
          "dependencies": [
            "aws_key_pair.ec2_key",
            "aws_security_group.windows_sg",
            "aws_subnet.public_subnet",
            "aws_vpc.vpc01",
            "data.aws_ami.windows",
            "random_pet.pet_name",
            "tls_private_key.ec2_key"
          ]
        }
      ]
    },
    {
      "mode": "managed",
      "type": "aws_internet_gateway",
      "name": "IGW",
      "provider": "provider[\"registry.terraform.io/hashicorp/aws\"]",
      "instances": [
        {
          "schema_version": 0,
          "attributes": {
            "arn": "arn:aws:ec2:us-east-2:202533531503:internet-gateway/igw-0a6c8b14c275ec7cf",
            "id": "igw-0a6c8b14c275ec7cf",
            "owner_id": "202533531503",
            "tags": {
              "Name": "lately-relaxed-tapir-IGW"
            },
            "tags_all": {
              "Name": "lately-relaxed-tapir-IGW"
            },
            "timeouts": null,
            "vpc_id": "vpc-03c96bc2cb41bf7f3"
          },
          "sensitive_attributes": [],
          "private": "eyJlMmJmYjczMC1lY2FhLTExZTYtOGY4OC0zNDM2M2JjN2M0YzAiOnsiY3JlYXRlIjoxMjAwMDAwMDAwMDAwLCJkZWxldGUiOjEyMDAwMDAwMDAwMDAsInVwZGF0ZSI6MTIwMDAwMDAwMDAwMH19",
          "dependencies": [
            "aws_vpc.vpc01",
            "random_pet.pet_name"
          ]
        }
      ]
    },
    {
      "mode": "managed",
      "type": "aws_key_pair",
      "name": "ec2_key",
      "provider": "provider[\"registry.terraform.io/hashicorp/aws\"]",
      "instances": [
        {
          "schema_version": 1,
          "attributes": {
            "arn": "arn:aws:ec2:us-east-2:202533531503:key-pair/lately-relaxed-tapir-ec2_key",
            "fingerprint": "9f:34:a1:33:de:6b:65:9d:ff:f4:06:cb:26:d0:a5:9a",
            "id": "lately-relaxed-tapir-ec2_key",
            "key_name": "lately-relaxed-tapir-ec2_key",
            "key_name_prefix": "",
            "key_pair_id": "key-050e708f13103528f",
            "key_type": "rsa",
            "public_key": "ssh-rsa AAAAB3NzaC1yc2EAAAADAQABAAACAQDWXNsmp2X8v0dqB2q91A4Zh6SeGc0stzn4BJbTqqYGJp5TlLMUzkIDB5zUqCkqFFi6dbwgtbym61sNWPFj2OOjr1Q3RUSin7oIVV2oSizvHhfQUdJyPnD58XyLiBdZ3v8mxw0KANUHxfxP5vZ0QUyTqa/zqWYKOYz0SmVofca4/QFvg4QqNh+QwQBoavVnKccGo/V/lmmYpikVa+69cvz/6Zps1htHdZgVuqXMf9WciNa/iYM3V1UdVD0EYciastjKFqrtESZlE1A6r6Rxx0KHurGXakPj44OHBF0L63n1BI/mvQjTWubgGO5mtRxnWoWbGLXMREiScD2iOjg2+iyrftbfM/vru/X8dbUpKJcLm894vEW54b+/UEhZp9/+Bj+HICSRe6tybRiA4k+COpA32P7SK5EK6s6dgRZHypSWs/9uiW+FY4VF8YPfIXBLjg4XMvcEmQ9b5baDCjv1uMtTY/v7VaACh99qx/81AgIrMbf7fxP/6T9S8+6Y3Y1PoVY6wUT/LzKGw/I0Fdr9xSpmi1509PmId09UEq4p/o4jUcti5d4TBR2mpHKctkPtQZOAgWQJCwAmZ9ncBiK1ZvRHJ8j364B2/BONM5V36hg06qnqxlR2XODyYwXNYPUgpQHXsNRasJT35Fw1B2L0CNjHlO4CV7Z7BasVHVw223G7uQ==",
            "tags": null,
            "tags_all": {}
          },
          "sensitive_attributes": [],
          "private": "eyJzY2hlbWFfdmVyc2lvbiI6IjEifQ==",
          "dependencies": [
            "random_pet.pet_name",
            "tls_private_key.ec2_key"
          ]
        }
      ]
    },
    {
      "mode": "managed",
      "type": "aws_nat_gateway",
      "name": "nat_gw",
      "provider": "provider[\"registry.terraform.io/hashicorp/aws\"]",
      "instances": [
        {
          "schema_version": 0,
          "attributes": {
            "allocation_id": "eipalloc-0d1453c21dc7c5b78",
            "association_id": "eipassoc-085cba1b3d9fc5540",
            "connectivity_type": "public",
            "id": "nat-0408b0fb53acb5935",
            "network_interface_id": "eni-027d88682fab67f1b",
            "private_ip": "10.0.9.137",
            "public_ip": "3.143.189.59",
            "secondary_allocation_ids": null,
            "secondary_private_ip_address_count": 0,
            "secondary_private_ip_addresses": [],
            "subnet_id": "subnet-0dfe88f820e46aa4b",
            "tags": {
              "Name": "lately-relaxed-tapir-NAT-IGW"
            },
            "tags_all": {
              "Name": "lately-relaxed-tapir-NAT-IGW"
            },
            "timeouts": null
          },
          "sensitive_attributes": [],
          "private": "eyJlMmJmYjczMC1lY2FhLTExZTYtOGY4OC0zNDM2M2JjN2M0YzAiOnsiY3JlYXRlIjo2MDAwMDAwMDAwMDAsImRlbGV0ZSI6MTgwMDAwMDAwMDAwMCwidXBkYXRlIjo2MDAwMDAwMDAwMDB9fQ==",
          "dependencies": [
            "aws_eip.nat_eip_gw",
            "aws_subnet.private_subnet",
            "aws_vpc.vpc01",
            "random_pet.pet_name"
          ]
        }
      ]
    },
    {
      "mode": "managed",
      "type": "aws_route_table",
      "name": "public_rt",
      "provider": "provider[\"registry.terraform.io/hashicorp/aws\"]",
      "instances": [
        {
          "schema_version": 0,
          "attributes": {
            "arn": "arn:aws:ec2:us-east-2:202533531503:route-table/rtb-09f6118a16cba1e6a",
            "id": "rtb-09f6118a16cba1e6a",
            "owner_id": "202533531503",
            "propagating_vgws": [],
            "route": [
              {
                "carrier_gateway_id": "",
                "cidr_block": "0.0.0.0/0",
                "core_network_arn": "",
                "destination_prefix_list_id": "",
                "egress_only_gateway_id": "",
                "gateway_id": "igw-0a6c8b14c275ec7cf",
                "ipv6_cidr_block": "",
                "local_gateway_id": "",
                "nat_gateway_id": "",
                "network_interface_id": "",
                "transit_gateway_id": "",
                "vpc_endpoint_id": "",
                "vpc_peering_connection_id": ""
              }
            ],
            "tags": {
              "Name": "lately-relaxed-tapir-default-public_rt"
            },
            "tags_all": {
              "Name": "lately-relaxed-tapir-default-public_rt"
            },
            "timeouts": null,
            "vpc_id": "vpc-03c96bc2cb41bf7f3"
          },
          "sensitive_attributes": [],
          "private": "eyJlMmJmYjczMC1lY2FhLTExZTYtOGY4OC0zNDM2M2JjN2M0YzAiOnsiY3JlYXRlIjozMDAwMDAwMDAwMDAsImRlbGV0ZSI6MzAwMDAwMDAwMDAwLCJ1cGRhdGUiOjEyMDAwMDAwMDAwMH19",
          "dependencies": [
            "aws_internet_gateway.IGW",
            "aws_vpc.vpc01",
            "random_pet.pet_name"
          ]
        }
      ]
    },
    {
      "mode": "managed",
      "type": "aws_route_table_association",
      "name": "public_rta",
      "provider": "provider[\"registry.terraform.io/hashicorp/aws\"]",
      "instances": [
        {
          "schema_version": 0,
          "attributes": {
            "gateway_id": "",
            "id": "rtbassoc-0586ab26926cfc514",
            "route_table_id": "rtb-09f6118a16cba1e6a",
            "subnet_id": "subnet-0fa6ff5a7ad4a27b9",
            "timeouts": null
          },
          "sensitive_attributes": [],
          "private": "eyJlMmJmYjczMC1lY2FhLTExZTYtOGY4OC0zNDM2M2JjN2M0YzAiOnsiY3JlYXRlIjozMDAwMDAwMDAwMDAsImRlbGV0ZSI6MzAwMDAwMDAwMDAwLCJ1cGRhdGUiOjEyMDAwMDAwMDAwMH19",
          "dependencies": [
            "aws_internet_gateway.IGW",
            "aws_route_table.public_rt",
            "aws_subnet.public_subnet",
            "aws_vpc.vpc01",
            "random_pet.pet_name"
          ]
        }
      ]
    },
    {
      "mode": "managed",
      "type": "aws_security_group",
      "name": "linux_sg",
      "provider": "provider[\"registry.terraform.io/hashicorp/aws\"]",
      "instances": [
        {
          "schema_version": 1,
          "attributes": {
            "arn": "arn:aws:ec2:us-east-2:202533531503:security-group/sg-0944f0efb59967249",
            "description": "Allow inbound traffic for SSH, MYSql",
            "egress": [
              {
                "cidr_blocks": [
                  "0.0.0.0/0"
                ],
                "description": "",
                "from_port": 0,
                "ipv6_cidr_blocks": [],
                "prefix_list_ids": [],
                "protocol": "-1",
                "security_groups": [],
                "self": false,
                "to_port": 0
              }
            ],
            "id": "sg-0944f0efb59967249",
            "ingress": [
              {
                "cidr_blocks": [
                  "10.0.0.0/20"
                ],
                "description": "",
                "from_port": 22,
                "ipv6_cidr_blocks": [],
                "prefix_list_ids": [],
                "protocol": "tcp",
                "security_groups": [],
                "self": false,
                "to_port": 22
              },
              {
                "cidr_blocks": [
                  "10.0.0.0/20"
                ],
                "description": "",
                "from_port": 3306,
                "ipv6_cidr_blocks": [],
                "prefix_list_ids": [],
                "protocol": "tcp",
                "security_groups": [],
                "self": false,
                "to_port": 3306
              }
            ],
            "name": "Linux SG",
            "name_prefix": "",
            "owner_id": "202533531503",
            "revoke_rules_on_delete": false,
            "tags": {
              "Name": "lately-relaxed-tapir-linux_sg"
            },
            "tags_all": {
              "Name": "lately-relaxed-tapir-linux_sg"
            },
            "timeouts": null,
            "vpc_id": "vpc-03c96bc2cb41bf7f3"
          },
          "sensitive_attributes": [],
          "private": "eyJlMmJmYjczMC1lY2FhLTExZTYtOGY4OC0zNDM2M2JjN2M0YzAiOnsiY3JlYXRlIjo2MDAwMDAwMDAwMDAsImRlbGV0ZSI6OTAwMDAwMDAwMDAwfSwic2NoZW1hX3ZlcnNpb24iOiIxIn0=",
          "dependencies": [
            "aws_vpc.vpc01",
            "random_pet.pet_name"
          ]
        }
      ]
    },
    {
      "mode": "managed",
      "type": "aws_security_group",
      "name": "windows_sg",
      "provider": "provider[\"registry.terraform.io/hashicorp/aws\"]",
      "instances": [
        {
          "schema_version": 1,
          "attributes": {
            "arn": "arn:aws:ec2:us-east-2:202533531503:security-group/sg-00dc5ae8e359b6fda",
            "description": "Allow inbpund traffic for HTTP, HTTPS, RDP",
            "egress": [
              {
                "cidr_blocks": [
                  "0.0.0.0/0"
                ],
                "description": "",
                "from_port": 0,
                "ipv6_cidr_blocks": [],
                "prefix_list_ids": [],
                "protocol": "-1",
                "security_groups": [],
                "self": false,
                "to_port": 0
              }
            ],
            "id": "sg-00dc5ae8e359b6fda",
            "ingress": [
              {
                "cidr_blocks": [
                  "0.0.0.0/0"
                ],
                "description": "",
                "from_port": 3389,
                "ipv6_cidr_blocks": [],
                "prefix_list_ids": [],
                "protocol": "tcp",
                "security_groups": [],
                "self": false,
                "to_port": 3389
              },
              {
                "cidr_blocks": [
                  "0.0.0.0/0"
                ],
                "description": "",
                "from_port": 443,
                "ipv6_cidr_blocks": [],
                "prefix_list_ids": [],
                "protocol": "tcp",
                "security_groups": [],
                "self": false,
                "to_port": 443
              },
              {
                "cidr_blocks": [
                  "0.0.0.0/0"
                ],
                "description": "",
                "from_port": 80,
                "ipv6_cidr_blocks": [],
                "prefix_list_ids": [],
                "protocol": "tcp",
                "security_groups": [],
                "self": false,
                "to_port": 80
              }
            ],
            "name": "windows SG",
            "name_prefix": "",
            "owner_id": "202533531503",
            "revoke_rules_on_delete": false,
            "tags": {
              "name": "lately-relaxed-tapir-windows_sg"
            },
            "tags_all": {
              "name": "lately-relaxed-tapir-windows_sg"
            },
            "timeouts": null,
            "vpc_id": "vpc-03c96bc2cb41bf7f3"
          },
          "sensitive_attributes": [],
          "private": "eyJlMmJmYjczMC1lY2FhLTExZTYtOGY4OC0zNDM2M2JjN2M0YzAiOnsiY3JlYXRlIjo2MDAwMDAwMDAwMDAsImRlbGV0ZSI6OTAwMDAwMDAwMDAwfSwic2NoZW1hX3ZlcnNpb24iOiIxIn0=",
          "dependencies": [
            "aws_vpc.vpc01",
            "random_pet.pet_name"
          ]
        }
      ]
    },
    {
      "mode": "managed",
      "type": "aws_subnet",
      "name": "private_subnet",
      "provider": "provider[\"registry.terraform.io/hashicorp/aws\"]",
      "instances": [
        {
          "schema_version": 1,
          "attributes": {
            "arn": "arn:aws:ec2:us-east-2:202533531503:subnet/subnet-0dfe88f820e46aa4b",
            "assign_ipv6_address_on_creation": false,
            "availability_zone": "us-east-2a",
            "availability_zone_id": "use2-az1",
            "cidr_block": "10.0.8.0/21",
            "customer_owned_ipv4_pool": "",
            "enable_dns64": false,
            "enable_lni_at_device_index": 0,
            "enable_resource_name_dns_a_record_on_launch": false,
            "enable_resource_name_dns_aaaa_record_on_launch": false,
            "id": "subnet-0dfe88f820e46aa4b",
            "ipv6_cidr_block": "",
            "ipv6_cidr_block_association_id": "",
            "ipv6_native": false,
            "map_customer_owned_ip_on_launch": false,
            "map_public_ip_on_launch": false,
            "outpost_arn": "",
            "owner_id": "202533531503",
            "private_dns_hostname_type_on_launch": "ip-name",
            "tags": {
              "Name": "lately-relaxed-tapir-private"
            },
            "tags_all": {
              "Name": "lately-relaxed-tapir-private"
            },
            "timeouts": null,
            "vpc_id": "vpc-03c96bc2cb41bf7f3"
          },
          "sensitive_attributes": [],
          "private": "eyJlMmJmYjczMC1lY2FhLTExZTYtOGY4OC0zNDM2M2JjN2M0YzAiOnsiY3JlYXRlIjo2MDAwMDAwMDAwMDAsImRlbGV0ZSI6MTIwMDAwMDAwMDAwMH0sInNjaGVtYV92ZXJzaW9uIjoiMSJ9",
          "dependencies": [
            "aws_vpc.vpc01",
            "random_pet.pet_name"
          ]
        }
      ]
    },
    {
      "mode": "managed",
      "type": "aws_subnet",
      "name": "public_subnet",
      "provider": "provider[\"registry.terraform.io/hashicorp/aws\"]",
      "instances": [
        {
          "schema_version": 1,
          "attributes": {
            "arn": "arn:aws:ec2:us-east-2:202533531503:subnet/subnet-0fa6ff5a7ad4a27b9",
            "assign_ipv6_address_on_creation": false,
            "availability_zone": "us-east-2b",
            "availability_zone_id": "use2-az2",
            "cidr_block": "10.0.0.0/21",
            "customer_owned_ipv4_pool": "",
            "enable_dns64": false,
            "enable_lni_at_device_index": 0,
            "enable_resource_name_dns_a_record_on_launch": false,
            "enable_resource_name_dns_aaaa_record_on_launch": false,
            "id": "subnet-0fa6ff5a7ad4a27b9",
            "ipv6_cidr_block": "",
            "ipv6_cidr_block_association_id": "",
            "ipv6_native": false,
            "map_customer_owned_ip_on_launch": false,
            "map_public_ip_on_launch": false,
            "outpost_arn": "",
            "owner_id": "202533531503",
            "private_dns_hostname_type_on_launch": "ip-name",
            "tags": {
              "Name": "lately-relaxed-tapir-public"
            },
            "tags_all": {
              "Name": "lately-relaxed-tapir-public"
            },
            "timeouts": null,
            "vpc_id": "vpc-03c96bc2cb41bf7f3"
          },
          "sensitive_attributes": [],
          "private": "eyJlMmJmYjczMC1lY2FhLTExZTYtOGY4OC0zNDM2M2JjN2M0YzAiOnsiY3JlYXRlIjo2MDAwMDAwMDAwMDAsImRlbGV0ZSI6MTIwMDAwMDAwMDAwMH0sInNjaGVtYV92ZXJzaW9uIjoiMSJ9",
          "dependencies": [
            "aws_vpc.vpc01",
            "random_pet.pet_name"
          ]
        }
      ]
    },
    {
      "mode": "managed",
      "type": "aws_vpc",
      "name": "vpc01",
      "provider": "provider[\"registry.terraform.io/hashicorp/aws\"]",
      "instances": [
        {
          "schema_version": 1,
          "attributes": {
            "arn": "arn:aws:ec2:us-east-2:202533531503:vpc/vpc-03c96bc2cb41bf7f3",
            "assign_generated_ipv6_cidr_block": false,
            "cidr_block": "10.0.0.0/20",
            "default_network_acl_id": "acl-04bed08b697ebc0eb",
            "default_route_table_id": "rtb-01b5799c5e3e69f02",
            "default_security_group_id": "sg-0288dcf11bd7beeee",
            "dhcp_options_id": "dopt-01db0b2bc35101882",
            "enable_dns_hostnames": false,
            "enable_dns_support": true,
            "enable_network_address_usage_metrics": false,
            "id": "vpc-03c96bc2cb41bf7f3",
            "instance_tenancy": "default",
            "ipv4_ipam_pool_id": null,
            "ipv4_netmask_length": null,
            "ipv6_association_id": "",
            "ipv6_cidr_block": "",
            "ipv6_cidr_block_network_border_group": "",
            "ipv6_ipam_pool_id": "",
            "ipv6_netmask_length": 0,
            "main_route_table_id": "rtb-01b5799c5e3e69f02",
            "owner_id": "202533531503",
            "tags": {
              "Name": "lately-relaxed-tapir-my-vpc"
            },
            "tags_all": {
              "Name": "lately-relaxed-tapir-my-vpc"
            }
          },
          "sensitive_attributes": [],
          "private": "eyJzY2hlbWFfdmVyc2lvbiI6IjEifQ==",
          "dependencies": [
            "random_pet.pet_name"
          ]
        }
      ]
    },
    {
      "mode": "managed",
      "type": "local_file",
      "name": "private_key",
      "provider": "provider[\"registry.terraform.io/hashicorp/local\"]",
      "instances": [
        {
          "schema_version": 0,
          "attributes": {
            "content": "-----BEGIN RSA PRIVATE KEY-----\nMIIJKgIBAAKCAgEA1lzbJqdl/L9HagdqvdQOGYeknhnNLLc5+ASW06qmBiaeU5Sz\nFM5CAwec1KgpKhRYunW8ILW8putbDVjxY9jjo69UN0VEop+6CFVdqEos7x4X0FHS\ncj5w+fF8i4gXWd7/JscNCgDVB8X8T+b2dEFMk6mv86lmCjmM9EplaH3GuP0Bb4OE\nKjYfkMEAaGr1ZynHBqP1f5ZpmKYpFWvuvXL8/+mabNYbR3WYFbqlzH/VnIjWv4mD\nN1dVHVQ9BGHImrLYyhaq7REmZRNQOq+kccdCh7qxl2pD4+ODhwRdC+t59QSP5r0I\n01rm4BjuZrUcZ1qFmxi1zERIknA9ojo4Nvosq37W3zP767v1/HW1KSiXC5vPeLxF\nueG/v1BIWaff/gY/hyAkkXurcm0YgOJPgjqQN9j+0iuRCurOnYEWR8qUlrP/bolv\nhWOFRfGD3yFwS44OFzL3BJkPW+W2gwo79bjLU2P7+1WgAoffasf/NQICKzG3+38T\n/+k/UvPumN2NT6FWOsFE/y8yhsPyNBXa/cUqZotedPT5iHdPVBKuKf6OI1HLYuXe\nEwUdpqRynLZD7UGTgIFkCQsAJmfZ3AYitWb0RyfI9+uAdvwTjTOVd+oYNOqp6sZU\ndlzg8mMFzWD1IKUB17DUWrCU9+RcNQdi9AjYx5TuAle2ewWrFR1cNttxu7kCAwEA\nAQKCAgEAnnhc5tF/+v5pTAAZsCYRGlyFnP+UB4eYyjqSSf5w6EEqcL2QOkRU1qqN\nDUUX0WzjP00Ee+X+hiOd11s2cMsJVpuqFYYWvGZ6f+ij6WKUn11O24lxm1V/7bbR\njNFZ+e16EO+8OvXshuedpHApKD6R3uPmGKrVrZ9oDbzmBP5ep6kao5bFYPNMGJYl\nuAvCSba/1K/nMKBAhkHoQ1bcUp+sW4AV0nniBszvVrj6Exk6EJO0tjpxj7r3SExb\nI18qjvrCe3uQdttj1/sUJ55rYlWdYHvrB/XeJJ2wQWM/ai11pmXt//UljiI4Zdjo\nfXNMgTeRZ9w3ob+lKuThG4oQvsvpsrAgoXelqnWwhHSnb4r3zNPfwhNn7wjtG47H\nzz1B7FDOMwewOIprRFNtuiDVKrNX5gYJKJZ7Q0GgmzlKXJnB57wGiljpKuAAwujm\n4daEPICZ0fgNtvYXknCQFZ6nbnQ+T4ncdaamaTUbjH1+PeaFD5vMf99Qc+nH9SCg\nsXK991wn1N/FRpIFzL/JwidLp1JPomz7G6I2a6v6g/sdgxbLcs36EPzr0+aRHGS4\ns95gpazu3pBFe5tO8aSMDt8YrgdOCIhYkCZ9P56dSVn7UipOA6AVnl+Vdc4K4/k1\nfZ47QaBvQk+1HikjKViNjyEXo1gOTdYDkgl/hP3mnNYPmW3isCUCggEBAOpQffl3\nht2icslLw0R16fGqXafutvj5ds6Fip5y2kVPuV2/OjiaIc1y0McNDR5mFB6ozLpg\nl9psXIWPP5Ra1jWWMcnMihldMOouYL2rctPT0giua2OXjVMoFaFvqocUHzsHvYB/\nVJOFknd811FYOMiUKbk8cBIMLD8oXuYWyqCmIEXilq1hIHVWy3RjzgwI+j/Mpy37\nKLJ/Q2bGVtghcSWIUtJ5rLhlAJbr4lJ52MRyg95QJnHpDVRvQQsNf1UnDVUo63zb\nu4t795qxBDaTcrtf+KS4ENw3wT6DOmJh8KepEH4OJzbkXkASfc8Lcy2SgQmqxHzR\n/1go09saFNxU9TMCggEBAOozqDdmIey9rh2dXTvkr0fEHVnFNymeLlzZ11e/spsC\n6/qGhciM+xg5xutgEikvr4uxqtXqywlN2SIXc9AK8G9fI0XBXX18gkUZQNXb0M1t\neTe01X0auQozzrKyzxJYqPMCu4qXsI/fm/TJjdEyc2AxlfMMp0NQg6xjxAWzbo+w\nx5W5UO3Bct/WfQa86jVRhhk6GSk/Y003P90w9VHKxHq5L0mwyjzHmNazMGUWJD9j\niPi4D+MxsS5a+S/O3FEymTYL8teK85DyK/3dQoE4WoZGyfZDO9on8pCVqnY0CR4Y\n2By/plSNhz/+n1wcHCRAnfhHMDzxamBD9YQHtL/Lc2MCggEBAKGINBBS8krAvtk+\nvbLohwrvI/mte75QXDMrpNBu5UJ7H5MdTYnP2BXGXV+cA7s9LAmm3Nxv0r/ljDMW\n+gHQTXRLwq8Xruylbh9DMbYQB+04TcdmVuolhGwbai4MyUat/Im5YE7BeRDqOHrf\nOaD+bMb6PXlRzQDkG2y+7A07ER2G6SDEgJOuLa4207O9SkLJvZtV/rqYNwo26cRk\nX2JIS7RQMqie8Q99sdZZb4DkNyfWukn8f0RwIZxfxjtUZr/RWEOpHg7JfJVANQYT\nmo/1PlcmZkdIDXeDiFkMJqfEVR+AUbpVD3usG72YAdtGTXTRVtvPOf3C14FzQ/n8\nFP2AJDkCggEBAJPswMkM90yCmeEWrfbQgG2Bz1AOIsNkp7/5z+wapoMGG2qHYSTE\n9yvcAmpUqePdvLEtLMwkms1roEPKMFotLqQJoUvD0HscE2P1iWAKkR3PkYq/60Az\nisCI7HsuOWBLI5sqFK57FQgqomTAkZSamwkdCKsVSOhZiHFwKjW3mZOkgsts21Lw\nps/+t8VzuTKoJVz1t0K4SM5SoUHiVHCu897X7KhMw9AT+dNSJrUSgR6Qjcka6N4F\nWvX+e/nYXIvku6TJcz71AtaAP4z/HaxknbjGKXYkDT/Dj5AHGD3ErCWYZ5fw7Ovm\n4JBpENqq3pN/RMe2nx8/FINtKTuVanLh3CUCggEABnOpR75fCROC10ziI99rORB0\n2hCBJFaWmb48ftdzPB1ocWs/nL4EwCyAtrvbEXEkAG3GMHomZuAMPWI30zxwBeu4\nhWRjpD4DfD/T1XQGHWYQwVUTNOrGHT9F6Y5/tvYuJkEFkhbFyNJv+22z2PZM+TXG\n8AwdhN2MqhKnaEPilEEicbVrSnLBodlcqTw0MyZaqoBBmZ4uGtjFLT39NLahox1j\neM8F6x2P/8khfBoUKlwA8N825u5Pqz3kPOV+SeYNJaBSLEJs1rQo/l/RfmzeUCLN\niV8HRgznDzNEuHXIk1UU6J0EMlDWXJUwOIJzYygM1d4fD1dIWeE0fhmvGR3soA==\n-----END RSA PRIVATE KEY-----\n",
            "content_base64": null,
            "content_base64sha256": "fy5eKEENFJRh1MaG0JytlxZ5UuEYaVblpLWWrTgn8zI=",
            "content_base64sha512": "7s523kkeWAMR9i2kmfPARu06YF3AOh+8fdoM/rkNA9eSyTBD0RQ5csppL1K17LwLYxypVkHJdtBPMZyDu1A6DA==",
            "content_md5": "979e20dc64379fd3209c8bc34e228542",
            "content_sha1": "eb47fa1538e69be3e05a733b15e74273f8af2721",
            "content_sha256": "7f2e5e28410d149461d4c686d09cad97167952e1186956e5a4b596ad3827f332",
            "content_sha512": "eece76de491e580311f62da499f3c046ed3a605dc03a1fbc7dda0cfeb90d03d792c93043d1143972ca692f52b5ecbc0b631ca95641c976d04f319c83bb503a0c",
            "directory_permission": "0777",
            "file_permission": "0400",
            "filename": "lately-relaxed-tapir-private-key",
            "id": "eb47fa1538e69be3e05a733b15e74273f8af2721",
            "sensitive_content": null,
            "source": null
          },
          "sensitive_attributes": [
            [
              {
                "type": "get_attr",
                "value": "content"
              }
            ],
            [
              {
                "type": "get_attr",
                "value": "sensitive_content"
              }
            ]
          ],
          "dependencies": [
            "random_pet.pet_name",
            "tls_private_key.ec2_key"
          ]
        }
      ]
    },
    {
      "mode": "managed",
      "type": "local_file",
      "name": "rdp_file",
      "provider": "provider[\"registry.terraform.io/hashicorp/local\"]",
      "instances": [
        {
          "schema_version": 0,
          "attributes": {
            "content": "full address:s:3.135.101.149:3389\nprompt for credentials:i:1\nadministrative session:i:1\nusername:s:Administrator\n",
            "content_base64": null,
            "content_base64sha256": "coZuo3WxFzAwPOXnrh7iDJm1SHG4GTjlbHpbOY97dKI=",
            "content_base64sha512": "zC7Djn4bTwgs9svg8vuodU1UC+kYkDeM9HuvANYxpMWm5l8Z9xRWBZWVhT37epyPiL2fcb5dyHAAJ45Q6ACQag==",
            "content_md5": "8b24a1c481fbe11a1b6f80526d0da660",
            "content_sha1": "954ff3b7148cd1af6a6656d27927b76622e976dd",
            "content_sha256": "72866ea375b11730303ce5e7ae1ee20c99b54871b81938e56c7a5b398f7b74a2",
            "content_sha512": "cc2ec38e7e1b4f082cf6cbe0f2fba8754d540be91890378cf47baf00d631a4c5a6e65f19f71456059595853dfb7a9c8f88bd9f71be5dc87000278e50e800906a",
            "directory_permission": "0777",
            "file_permission": "0777",
            "filename": "./lately-relaxed-tapir-windows.rdp",
            "id": "954ff3b7148cd1af6a6656d27927b76622e976dd",
            "sensitive_content": null,
            "source": null
          },
          "sensitive_attributes": [
            [
              {
                "type": "get_attr",
                "value": "sensitive_content"
              }
            ]
          ],
          "dependencies": [
            "aws_eip.windows_eip",
            "random_pet.pet_name"
          ]
        }
      ]
    },
    {
      "mode": "managed",
      "type": "local_file",
      "name": "rdp_file_1",
      "provider": "provider[\"registry.terraform.io/hashicorp/local\"]",
      "instances": [
        {
          "schema_version": 0,
          "attributes": {
            "content": "auto connect:i:1\nfull address:s:3.135.101.149\nusername:s:Administrator\naudiomode:i:2\naudiocapturemode:i:1\n",
            "content_base64": null,
            "content_base64sha256": "rpaFTWLFzgoGzSeJsSf51VAQnanIxArMYHiIeWp+cEU=",
            "content_base64sha512": "XpyAmfYmWCEFBmXpoKyuEKQ3hMb0MhmFscba+C/bess2F1ckNbF7LdXrApYnO2Xe/qKkYhp+kfFmZWs5p0NiYA==",
            "content_md5": "ac75274973009059c0c091fdf72d7a8f",
            "content_sha1": "ecd4b1893f3f2e9fb83cf681730814402267850b",
            "content_sha256": "ae96854d62c5ce0a06cd2789b127f9d550109da9c8c40acc607888796a7e7045",
            "content_sha512": "5e9c8099f6265821050665e9a0acae10a43784c6f4321985b1c6daf82fdb7acb3617572435b17b2dd5eb0296273b65defea2a4621a7e91f166656b39a7436260",
            "directory_permission": "0777",
            "file_permission": "0777",
            "filename": "lately-relaxed-tapir-windows1.rdp",
            "id": "ecd4b1893f3f2e9fb83cf681730814402267850b",
            "sensitive_content": null,
            "source": null
          },
          "sensitive_attributes": [
            [
              {
                "type": "get_attr",
                "value": "sensitive_content"
              }
            ]
          ],
          "dependencies": [
            "aws_eip.windows_eip",
            "aws_instance.my_windows_server",
            "aws_key_pair.ec2_key",
            "aws_security_group.windows_sg",
            "aws_subnet.public_subnet",
            "aws_vpc.vpc01",
            "data.aws_ami.windows",
            "random_pet.pet_name",
            "tls_private_key.ec2_key"
          ]
        }
      ]
    },
    {
      "mode": "managed",
      "type": "null_resource",
      "name": "rdp_exec",
      "provider": "provider[\"registry.terraform.io/hashicorp/null\"]",
      "instances": [
        {
          "schema_version": 0,
          "attributes": {
            "id": "3865197168252567719",
            "triggers": {
              "always_run": "2025-03-28T23:23:19Z",
              "windows_dns": ""
            }
          },
          "sensitive_attributes": [],
          "dependencies": [
            "aws_eip.windows_eip",
            "aws_instance.my_windows_server",
            "aws_key_pair.ec2_key",
            "aws_security_group.windows_sg",
            "aws_subnet.public_subnet",
            "aws_vpc.vpc01",
            "data.aws_ami.windows",
            "local_file.rdp_file_1",
            "random_pet.pet_name",
            "tls_private_key.ec2_key"
          ]
        }
      ]
    },
    {
      "mode": "managed",
      "type": "random_pet",
      "name": "pet_name",
      "provider": "provider[\"registry.terraform.io/hashicorp/random\"]",
      "instances": [
        {
          "schema_version": 0,
          "attributes": {
            "id": "lately-relaxed-tapir",
            "keepers": null,
            "length": 3,
            "prefix": null,
            "separator": "-"
          },
          "sensitive_attributes": []
        }
      ]
    },
    {
      "mode": "managed",
      "type": "tls_private_key",
      "name": "ec2_key",
      "provider": "provider[\"registry.terraform.io/hashicorp/tls\"]",
      "instances": [
        {
          "schema_version": 1,
          "attributes": {
            "algorithm": "RSA",
            "ecdsa_curve": "P224",
            "id": "c9a62b572402e6e59f7ef412dfb493e0e1c09e44",
            "private_key_openssh": "-----BEGIN OPENSSH PRIVATE KEY-----\nb3BlbnNzaC1rZXktdjEAAAAABG5vbmUAAAAEbm9uZQAAAAAAAAABAAACFwAAAAdz\nc2gtcnNhAAAAAwEAAQAAAgEA1lzbJqdl/L9HagdqvdQOGYeknhnNLLc5+ASW06qm\nBiaeU5SzFM5CAwec1KgpKhRYunW8ILW8putbDVjxY9jjo69UN0VEop+6CFVdqEos\n7x4X0FHScj5w+fF8i4gXWd7/JscNCgDVB8X8T+b2dEFMk6mv86lmCjmM9EplaH3G\nuP0Bb4OEKjYfkMEAaGr1ZynHBqP1f5ZpmKYpFWvuvXL8/+mabNYbR3WYFbqlzH/V\nnIjWv4mDN1dVHVQ9BGHImrLYyhaq7REmZRNQOq+kccdCh7qxl2pD4+ODhwRdC+t5\n9QSP5r0I01rm4BjuZrUcZ1qFmxi1zERIknA9ojo4Nvosq37W3zP767v1/HW1KSiX\nC5vPeLxFueG/v1BIWaff/gY/hyAkkXurcm0YgOJPgjqQN9j+0iuRCurOnYEWR8qU\nlrP/bolvhWOFRfGD3yFwS44OFzL3BJkPW+W2gwo79bjLU2P7+1WgAoffasf/NQIC\nKzG3+38T/+k/UvPumN2NT6FWOsFE/y8yhsPyNBXa/cUqZotedPT5iHdPVBKuKf6O\nI1HLYuXeEwUdpqRynLZD7UGTgIFkCQsAJmfZ3AYitWb0RyfI9+uAdvwTjTOVd+oY\nNOqp6sZUdlzg8mMFzWD1IKUB17DUWrCU9+RcNQdi9AjYx5TuAle2ewWrFR1cNttx\nu7kAAAc46PpCh+j6QocAAAAHc3NoLXJzYQAAAgEA1lzbJqdl/L9HagdqvdQOGYek\nnhnNLLc5+ASW06qmBiaeU5SzFM5CAwec1KgpKhRYunW8ILW8putbDVjxY9jjo69U\nN0VEop+6CFVdqEos7x4X0FHScj5w+fF8i4gXWd7/JscNCgDVB8X8T+b2dEFMk6mv\n86lmCjmM9EplaH3GuP0Bb4OEKjYfkMEAaGr1ZynHBqP1f5ZpmKYpFWvuvXL8/+ma\nbNYbR3WYFbqlzH/VnIjWv4mDN1dVHVQ9BGHImrLYyhaq7REmZRNQOq+kccdCh7qx\nl2pD4+ODhwRdC+t59QSP5r0I01rm4BjuZrUcZ1qFmxi1zERIknA9ojo4Nvosq37W\n3zP767v1/HW1KSiXC5vPeLxFueG/v1BIWaff/gY/hyAkkXurcm0YgOJPgjqQN9j+\n0iuRCurOnYEWR8qUlrP/bolvhWOFRfGD3yFwS44OFzL3BJkPW+W2gwo79bjLU2P7\n+1WgAoffasf/NQICKzG3+38T/+k/UvPumN2NT6FWOsFE/y8yhsPyNBXa/cUqZote\ndPT5iHdPVBKuKf6OI1HLYuXeEwUdpqRynLZD7UGTgIFkCQsAJmfZ3AYitWb0RyfI\n9+uAdvwTjTOVd+oYNOqp6sZUdlzg8mMFzWD1IKUB17DUWrCU9+RcNQdi9AjYx5Tu\nAle2ewWrFR1cNttxu7kAAAADAQABAAACAQCeeFzm0X/6/mlMABmwJhEaXIWc/5QH\nh5jKOpJJ/nDoQSpwvZA6RFTWqo0NRRfRbOM/TQR75f6GI53XWzZwywlWm6oVhha8\nZnp/6KPpYpSfXU7biXGbVX/tttGM0Vn57XoQ77w69eyG552kcCkoPpHe4+YYqtWt\nn2gNvOYE/l6nqRqjlsVg80wYliW4C8JJtr/Ur+cwoECGQehDVtxSn6xbgBXSeeIG\nzO9WuPoTGToQk7S2OnGPuvdITFsjXyqO+sJ7e5B222PX+xQnnmtiVZ1ge+sH9d4k\nnbBBYz9qLXWmZe3/9SWOIjhl2Oh9c0yBN5Fn3Dehv6Uq5OEbihC+y+mysCChd6Wq\ndbCEdKdvivfM09/CE2fvCO0bjsfPPUHsUM4zB7A4imtEU226INUqs1fmBgkolntD\nQaCbOUpcmcHnvAaKWOkq4ADC6Obh1oQ8gJnR+A229heScJAVnqdudD5Pidx1pqZp\nNRuMfX495oUPm8x/31Bz6cf1IKCxcr33XCfU38VGkgXMv8nCJ0unUk+ibPsbojZr\nq/qD+x2DFstyzfoQ/OvT5pEcZLiz3mClrO7ekEV7m07xpIwO3xiuB04IiFiQJn0/\nnp1JWftSKk4DoBWeX5V1zgrj+TV9njtBoG9CT7UeKSMpWI2PIRejWA5N1gOSCX+E\n/eac1g+ZbeKwJQAAAQAGc6lHvl8JE4LXTOIj32s5EHTaEIEkVpaZvjx+13M8HWhx\naz+cvgTALIC2u9sRcSQAbcYweiZm4Aw9YjfTPHAF67iFZGOkPgN8P9PVdAYdZhDB\nVRM06sYdP0Xpjn+29i4mQQWSFsXI0m/7bbPY9kz5NcbwDB2E3YyqEqdoQ+KUQSJx\ntWtKcsGh2VypPDQzJlqqgEGZni4a2MUtPf00tqGjHWN4zwXrHY//ySF8GhQqXADw\n3zbm7k+rPeQ85X5J5g0loFIsQmzWtCj+X9F+bN5QIs2JXwdGDOcPM0S4dciTVRTo\nnQQyUNZclTA4gnNjKAzV3h8PV0hZ4TR+Ga8ZHeygAAABAQDqUH35d4bdonLJS8NE\ndenxql2n7rb4+XbOhYqectpFT7ldvzo4miHNctDHDQ0eZhQeqMy6YJfabFyFjz+U\nWtY1ljHJzIoZXTDqLmC9q3LT09IIrmtjl41TKBWhb6qHFB87B72Af1SThZJ3fNdR\nWDjIlCm5PHASDCw/KF7mFsqgpiBF4patYSB1Vst0Y84MCPo/zKct+yiyf0NmxlbY\nIXEliFLSeay4ZQCW6+JSedjEcoPeUCZx6Q1Ub0ELDX9VJw1VKOt827uLe/easQQ2\nk3K7X/ikuBDcN8E+gzpiYfCnqRB+Dic25F5AEn3PC3MtkoEJqsR80f9YKNPbGhTc\nVPUzAAABAQDqM6g3ZiHsva4dnV075K9HxB1ZxTcpni5c2ddXv7KbAuv6hoXIjPsY\nOcbrYBIpL6+LsarV6ssJTdkiF3PQCvBvXyNFwV19fIJFGUDV29DNbXk3tNV9GrkK\nM86yss8SWKjzAruKl7CP35v0yY3RMnNgMZXzDKdDUIOsY8QFs26PsMeVuVDtwXLf\n1n0GvOo1UYYZOhkpP2NNNz/dMPVRysR6uS9JsMo8x5jWszBlFiQ/Y4j4uA/jMbEu\nWvkvztxRMpk2C/LXivOQ8iv93UKBOFqGRsn2QzvaJ/KQlap2NAkeGNgcv6ZUjYc/\n/p9cHBwkQJ34RzA88WpgQ/WEB7S/y3NjAAAAAAEC\n-----END OPENSSH PRIVATE KEY-----\n",
            "private_key_pem": "-----BEGIN RSA PRIVATE KEY-----\nMIIJKgIBAAKCAgEA1lzbJqdl/L9HagdqvdQOGYeknhnNLLc5+ASW06qmBiaeU5Sz\nFM5CAwec1KgpKhRYunW8ILW8putbDVjxY9jjo69UN0VEop+6CFVdqEos7x4X0FHS\ncj5w+fF8i4gXWd7/JscNCgDVB8X8T+b2dEFMk6mv86lmCjmM9EplaH3GuP0Bb4OE\nKjYfkMEAaGr1ZynHBqP1f5ZpmKYpFWvuvXL8/+mabNYbR3WYFbqlzH/VnIjWv4mD\nN1dVHVQ9BGHImrLYyhaq7REmZRNQOq+kccdCh7qxl2pD4+ODhwRdC+t59QSP5r0I\n01rm4BjuZrUcZ1qFmxi1zERIknA9ojo4Nvosq37W3zP767v1/HW1KSiXC5vPeLxF\nueG/v1BIWaff/gY/hyAkkXurcm0YgOJPgjqQN9j+0iuRCurOnYEWR8qUlrP/bolv\nhWOFRfGD3yFwS44OFzL3BJkPW+W2gwo79bjLU2P7+1WgAoffasf/NQICKzG3+38T\n/+k/UvPumN2NT6FWOsFE/y8yhsPyNBXa/cUqZotedPT5iHdPVBKuKf6OI1HLYuXe\nEwUdpqRynLZD7UGTgIFkCQsAJmfZ3AYitWb0RyfI9+uAdvwTjTOVd+oYNOqp6sZU\ndlzg8mMFzWD1IKUB17DUWrCU9+RcNQdi9AjYx5TuAle2ewWrFR1cNttxu7kCAwEA\nAQKCAgEAnnhc5tF/+v5pTAAZsCYRGlyFnP+UB4eYyjqSSf5w6EEqcL2QOkRU1qqN\nDUUX0WzjP00Ee+X+hiOd11s2cMsJVpuqFYYWvGZ6f+ij6WKUn11O24lxm1V/7bbR\njNFZ+e16EO+8OvXshuedpHApKD6R3uPmGKrVrZ9oDbzmBP5ep6kao5bFYPNMGJYl\nuAvCSba/1K/nMKBAhkHoQ1bcUp+sW4AV0nniBszvVrj6Exk6EJO0tjpxj7r3SExb\nI18qjvrCe3uQdttj1/sUJ55rYlWdYHvrB/XeJJ2wQWM/ai11pmXt//UljiI4Zdjo\nfXNMgTeRZ9w3ob+lKuThG4oQvsvpsrAgoXelqnWwhHSnb4r3zNPfwhNn7wjtG47H\nzz1B7FDOMwewOIprRFNtuiDVKrNX5gYJKJZ7Q0GgmzlKXJnB57wGiljpKuAAwujm\n4daEPICZ0fgNtvYXknCQFZ6nbnQ+T4ncdaamaTUbjH1+PeaFD5vMf99Qc+nH9SCg\nsXK991wn1N/FRpIFzL/JwidLp1JPomz7G6I2a6v6g/sdgxbLcs36EPzr0+aRHGS4\ns95gpazu3pBFe5tO8aSMDt8YrgdOCIhYkCZ9P56dSVn7UipOA6AVnl+Vdc4K4/k1\nfZ47QaBvQk+1HikjKViNjyEXo1gOTdYDkgl/hP3mnNYPmW3isCUCggEBAOpQffl3\nht2icslLw0R16fGqXafutvj5ds6Fip5y2kVPuV2/OjiaIc1y0McNDR5mFB6ozLpg\nl9psXIWPP5Ra1jWWMcnMihldMOouYL2rctPT0giua2OXjVMoFaFvqocUHzsHvYB/\nVJOFknd811FYOMiUKbk8cBIMLD8oXuYWyqCmIEXilq1hIHVWy3RjzgwI+j/Mpy37\nKLJ/Q2bGVtghcSWIUtJ5rLhlAJbr4lJ52MRyg95QJnHpDVRvQQsNf1UnDVUo63zb\nu4t795qxBDaTcrtf+KS4ENw3wT6DOmJh8KepEH4OJzbkXkASfc8Lcy2SgQmqxHzR\n/1go09saFNxU9TMCggEBAOozqDdmIey9rh2dXTvkr0fEHVnFNymeLlzZ11e/spsC\n6/qGhciM+xg5xutgEikvr4uxqtXqywlN2SIXc9AK8G9fI0XBXX18gkUZQNXb0M1t\neTe01X0auQozzrKyzxJYqPMCu4qXsI/fm/TJjdEyc2AxlfMMp0NQg6xjxAWzbo+w\nx5W5UO3Bct/WfQa86jVRhhk6GSk/Y003P90w9VHKxHq5L0mwyjzHmNazMGUWJD9j\niPi4D+MxsS5a+S/O3FEymTYL8teK85DyK/3dQoE4WoZGyfZDO9on8pCVqnY0CR4Y\n2By/plSNhz/+n1wcHCRAnfhHMDzxamBD9YQHtL/Lc2MCggEBAKGINBBS8krAvtk+\nvbLohwrvI/mte75QXDMrpNBu5UJ7H5MdTYnP2BXGXV+cA7s9LAmm3Nxv0r/ljDMW\n+gHQTXRLwq8Xruylbh9DMbYQB+04TcdmVuolhGwbai4MyUat/Im5YE7BeRDqOHrf\nOaD+bMb6PXlRzQDkG2y+7A07ER2G6SDEgJOuLa4207O9SkLJvZtV/rqYNwo26cRk\nX2JIS7RQMqie8Q99sdZZb4DkNyfWukn8f0RwIZxfxjtUZr/RWEOpHg7JfJVANQYT\nmo/1PlcmZkdIDXeDiFkMJqfEVR+AUbpVD3usG72YAdtGTXTRVtvPOf3C14FzQ/n8\nFP2AJDkCggEBAJPswMkM90yCmeEWrfbQgG2Bz1AOIsNkp7/5z+wapoMGG2qHYSTE\n9yvcAmpUqePdvLEtLMwkms1roEPKMFotLqQJoUvD0HscE2P1iWAKkR3PkYq/60Az\nisCI7HsuOWBLI5sqFK57FQgqomTAkZSamwkdCKsVSOhZiHFwKjW3mZOkgsts21Lw\nps/+t8VzuTKoJVz1t0K4SM5SoUHiVHCu897X7KhMw9AT+dNSJrUSgR6Qjcka6N4F\nWvX+e/nYXIvku6TJcz71AtaAP4z/HaxknbjGKXYkDT/Dj5AHGD3ErCWYZ5fw7Ovm\n4JBpENqq3pN/RMe2nx8/FINtKTuVanLh3CUCggEABnOpR75fCROC10ziI99rORB0\n2hCBJFaWmb48ftdzPB1ocWs/nL4EwCyAtrvbEXEkAG3GMHomZuAMPWI30zxwBeu4\nhWRjpD4DfD/T1XQGHWYQwVUTNOrGHT9F6Y5/tvYuJkEFkhbFyNJv+22z2PZM+TXG\n8AwdhN2MqhKnaEPilEEicbVrSnLBodlcqTw0MyZaqoBBmZ4uGtjFLT39NLahox1j\neM8F6x2P/8khfBoUKlwA8N825u5Pqz3kPOV+SeYNJaBSLEJs1rQo/l/RfmzeUCLN\niV8HRgznDzNEuHXIk1UU6J0EMlDWXJUwOIJzYygM1d4fD1dIWeE0fhmvGR3soA==\n-----END RSA PRIVATE KEY-----\n",
            "private_key_pem_pkcs8": "-----BEGIN PRIVATE KEY-----\nMIIJRAIBADANBgkqhkiG9w0BAQEFAASCCS4wggkqAgEAAoICAQDWXNsmp2X8v0dq\nB2q91A4Zh6SeGc0stzn4BJbTqqYGJp5TlLMUzkIDB5zUqCkqFFi6dbwgtbym61sN\nWPFj2OOjr1Q3RUSin7oIVV2oSizvHhfQUdJyPnD58XyLiBdZ3v8mxw0KANUHxfxP\n5vZ0QUyTqa/zqWYKOYz0SmVofca4/QFvg4QqNh+QwQBoavVnKccGo/V/lmmYpikV\na+69cvz/6Zps1htHdZgVuqXMf9WciNa/iYM3V1UdVD0EYciastjKFqrtESZlE1A6\nr6Rxx0KHurGXakPj44OHBF0L63n1BI/mvQjTWubgGO5mtRxnWoWbGLXMREiScD2i\nOjg2+iyrftbfM/vru/X8dbUpKJcLm894vEW54b+/UEhZp9/+Bj+HICSRe6tybRiA\n4k+COpA32P7SK5EK6s6dgRZHypSWs/9uiW+FY4VF8YPfIXBLjg4XMvcEmQ9b5baD\nCjv1uMtTY/v7VaACh99qx/81AgIrMbf7fxP/6T9S8+6Y3Y1PoVY6wUT/LzKGw/I0\nFdr9xSpmi1509PmId09UEq4p/o4jUcti5d4TBR2mpHKctkPtQZOAgWQJCwAmZ9nc\nBiK1ZvRHJ8j364B2/BONM5V36hg06qnqxlR2XODyYwXNYPUgpQHXsNRasJT35Fw1\nB2L0CNjHlO4CV7Z7BasVHVw223G7uQIDAQABAoICAQCeeFzm0X/6/mlMABmwJhEa\nXIWc/5QHh5jKOpJJ/nDoQSpwvZA6RFTWqo0NRRfRbOM/TQR75f6GI53XWzZwywlW\nm6oVhha8Znp/6KPpYpSfXU7biXGbVX/tttGM0Vn57XoQ77w69eyG552kcCkoPpHe\n4+YYqtWtn2gNvOYE/l6nqRqjlsVg80wYliW4C8JJtr/Ur+cwoECGQehDVtxSn6xb\ngBXSeeIGzO9WuPoTGToQk7S2OnGPuvdITFsjXyqO+sJ7e5B222PX+xQnnmtiVZ1g\ne+sH9d4knbBBYz9qLXWmZe3/9SWOIjhl2Oh9c0yBN5Fn3Dehv6Uq5OEbihC+y+my\nsCChd6WqdbCEdKdvivfM09/CE2fvCO0bjsfPPUHsUM4zB7A4imtEU226INUqs1fm\nBgkolntDQaCbOUpcmcHnvAaKWOkq4ADC6Obh1oQ8gJnR+A229heScJAVnqdudD5P\nidx1pqZpNRuMfX495oUPm8x/31Bz6cf1IKCxcr33XCfU38VGkgXMv8nCJ0unUk+i\nbPsbojZrq/qD+x2DFstyzfoQ/OvT5pEcZLiz3mClrO7ekEV7m07xpIwO3xiuB04I\niFiQJn0/np1JWftSKk4DoBWeX5V1zgrj+TV9njtBoG9CT7UeKSMpWI2PIRejWA5N\n1gOSCX+E/eac1g+ZbeKwJQKCAQEA6lB9+XeG3aJyyUvDRHXp8apdp+62+Pl2zoWK\nnnLaRU+5Xb86OJohzXLQxw0NHmYUHqjMumCX2mxchY8/lFrWNZYxycyKGV0w6i5g\nvaty09PSCK5rY5eNUygVoW+qhxQfOwe9gH9Uk4WSd3zXUVg4yJQpuTxwEgwsPyhe\n5hbKoKYgReKWrWEgdVbLdGPODAj6P8ynLfsosn9DZsZW2CFxJYhS0nmsuGUAluvi\nUnnYxHKD3lAmcekNVG9BCw1/VScNVSjrfNu7i3v3mrEENpNyu1/4pLgQ3DfBPoM6\nYmHwp6kQfg4nNuReQBJ9zwtzLZKBCarEfNH/WCjT2xoU3FT1MwKCAQEA6jOoN2Yh\n7L2uHZ1dO+SvR8QdWcU3KZ4uXNnXV7+ymwLr+oaFyIz7GDnG62ASKS+vi7Gq1erL\nCU3ZIhdz0Arwb18jRcFdfXyCRRlA1dvQzW15N7TVfRq5CjPOsrLPElio8wK7ipew\nj9+b9MmN0TJzYDGV8wynQ1CDrGPEBbNuj7DHlblQ7cFy39Z9BrzqNVGGGToZKT9j\nTTc/3TD1UcrEerkvSbDKPMeY1rMwZRYkP2OI+LgP4zGxLlr5L87cUTKZNgvy14rz\nkPIr/d1CgThahkbJ9kM72ifykJWqdjQJHhjYHL+mVI2HP/6fXBwcJECd+EcwPPFq\nYEP1hAe0v8tzYwKCAQEAoYg0EFLySsC+2T69suiHCu8j+a17vlBcMyuk0G7lQnsf\nkx1Nic/YFcZdX5wDuz0sCabc3G/Sv+WMMxb6AdBNdEvCrxeu7KVuH0MxthAH7ThN\nx2ZW6iWEbBtqLgzJRq38iblgTsF5EOo4et85oP5sxvo9eVHNAOQbbL7sDTsRHYbp\nIMSAk64trjbTs71KQsm9m1X+upg3CjbpxGRfYkhLtFAyqJ7xD32x1llvgOQ3J9a6\nSfx/RHAhnF/GO1Rmv9FYQ6keDsl8lUA1BhOaj/U+VyZmR0gNd4OIWQwmp8RVH4BR\nulUPe6wbvZgB20ZNdNFW2885/cLXgXND+fwU/YAkOQKCAQEAk+zAyQz3TIKZ4Rat\n9tCAbYHPUA4iw2Snv/nP7BqmgwYbaodhJMT3K9wCalSp4928sS0szCSazWugQ8ow\nWi0upAmhS8PQexwTY/WJYAqRHc+Rir/rQDOKwIjsey45YEsjmyoUrnsVCCqiZMCR\nlJqbCR0IqxVI6FmIcXAqNbeZk6SCy2zbUvCmz/63xXO5MqglXPW3QrhIzlKhQeJU\ncK7z3tfsqEzD0BP501ImtRKBHpCNyRro3gVa9f57+dhci+S7pMlzPvUC1oA/jP8d\nrGSduMYpdiQNP8OPkAcYPcSsJZhnl/Ds6+bgkGkQ2qrek39Ex7afHz8Ug20pO5Vq\ncuHcJQKCAQAGc6lHvl8JE4LXTOIj32s5EHTaEIEkVpaZvjx+13M8HWhxaz+cvgTA\nLIC2u9sRcSQAbcYweiZm4Aw9YjfTPHAF67iFZGOkPgN8P9PVdAYdZhDBVRM06sYd\nP0Xpjn+29i4mQQWSFsXI0m/7bbPY9kz5NcbwDB2E3YyqEqdoQ+KUQSJxtWtKcsGh\n2VypPDQzJlqqgEGZni4a2MUtPf00tqGjHWN4zwXrHY//ySF8GhQqXADw3zbm7k+r\nPeQ85X5J5g0loFIsQmzWtCj+X9F+bN5QIs2JXwdGDOcPM0S4dciTVRTonQQyUNZc\nlTA4gnNjKAzV3h8PV0hZ4TR+Ga8ZHeyg\n-----END PRIVATE KEY-----\n",
            "public_key_fingerprint_md5": "de:1e:a2:8c:38:0f:06:a7:2a:07:11:66:19:ea:50:60",
            "public_key_fingerprint_sha256": "SHA256:Iny6Spga/oSVOv0RSXMFeAU4oS8MSKUCdYX4cLv1zaI",
            "public_key_openssh": "ssh-rsa AAAAB3NzaC1yc2EAAAADAQABAAACAQDWXNsmp2X8v0dqB2q91A4Zh6SeGc0stzn4BJbTqqYGJp5TlLMUzkIDB5zUqCkqFFi6dbwgtbym61sNWPFj2OOjr1Q3RUSin7oIVV2oSizvHhfQUdJyPnD58XyLiBdZ3v8mxw0KANUHxfxP5vZ0QUyTqa/zqWYKOYz0SmVofca4/QFvg4QqNh+QwQBoavVnKccGo/V/lmmYpikVa+69cvz/6Zps1htHdZgVuqXMf9WciNa/iYM3V1UdVD0EYciastjKFqrtESZlE1A6r6Rxx0KHurGXakPj44OHBF0L63n1BI/mvQjTWubgGO5mtRxnWoWbGLXMREiScD2iOjg2+iyrftbfM/vru/X8dbUpKJcLm894vEW54b+/UEhZp9/+Bj+HICSRe6tybRiA4k+COpA32P7SK5EK6s6dgRZHypSWs/9uiW+FY4VF8YPfIXBLjg4XMvcEmQ9b5baDCjv1uMtTY/v7VaACh99qx/81AgIrMbf7fxP/6T9S8+6Y3Y1PoVY6wUT/LzKGw/I0Fdr9xSpmi1509PmId09UEq4p/o4jUcti5d4TBR2mpHKctkPtQZOAgWQJCwAmZ9ncBiK1ZvRHJ8j364B2/BONM5V36hg06qnqxlR2XODyYwXNYPUgpQHXsNRasJT35Fw1B2L0CNjHlO4CV7Z7BasVHVw223G7uQ==\n",
            "public_key_pem": "-----BEGIN PUBLIC KEY-----\nMIICIjANBgkqhkiG9w0BAQEFAAOCAg8AMIICCgKCAgEA1lzbJqdl/L9HagdqvdQO\nGYeknhnNLLc5+ASW06qmBiaeU5SzFM5CAwec1KgpKhRYunW8ILW8putbDVjxY9jj\no69UN0VEop+6CFVdqEos7x4X0FHScj5w+fF8i4gXWd7/JscNCgDVB8X8T+b2dEFM\nk6mv86lmCjmM9EplaH3GuP0Bb4OEKjYfkMEAaGr1ZynHBqP1f5ZpmKYpFWvuvXL8\n/+mabNYbR3WYFbqlzH/VnIjWv4mDN1dVHVQ9BGHImrLYyhaq7REmZRNQOq+kccdC\nh7qxl2pD4+ODhwRdC+t59QSP5r0I01rm4BjuZrUcZ1qFmxi1zERIknA9ojo4Nvos\nq37W3zP767v1/HW1KSiXC5vPeLxFueG/v1BIWaff/gY/hyAkkXurcm0YgOJPgjqQ\nN9j+0iuRCurOnYEWR8qUlrP/bolvhWOFRfGD3yFwS44OFzL3BJkPW+W2gwo79bjL\nU2P7+1WgAoffasf/NQICKzG3+38T/+k/UvPumN2NT6FWOsFE/y8yhsPyNBXa/cUq\nZotedPT5iHdPVBKuKf6OI1HLYuXeEwUdpqRynLZD7UGTgIFkCQsAJmfZ3AYitWb0\nRyfI9+uAdvwTjTOVd+oYNOqp6sZUdlzg8mMFzWD1IKUB17DUWrCU9+RcNQdi9AjY\nx5TuAle2ewWrFR1cNttxu7kCAwEAAQ==\n-----END PUBLIC KEY-----\n",
            "rsa_bits": 4096
          },
          "sensitive_attributes": [
            [
              {
                "type": "get_attr",
                "value": "private_key_pem_pkcs8"
              }
            ],
            [
              {
                "type": "get_attr",
                "value": "private_key_pem"
              }
            ],
            [
              {
                "type": "get_attr",
                "value": "private_key_openssh"
              }
            ]
          ]
        }
      ]
    }
  ],
  "check_results": null
}
